# This file is generated by running "yarn install" inside your project.
# Manual changes might be lost - proceed with caution!

__metadata:
  version: 6
  cacheKey: 8

"@cspotcode/source-map-support@npm:^0.8.0":
  version: 0.8.1
  resolution: "@cspotcode/source-map-support@npm:0.8.1"
  dependencies:
    "@jridgewell/trace-mapping": 0.3.9
  checksum: 5718f267085ed8edb3e7ef210137241775e607ee18b77d95aa5bd7514f47f5019aa2d82d96b3bf342ef7aa890a346fa1044532ff7cc3009e7d24fce3ce6200fa
  languageName: node
  linkType: hard

"@jridgewell/resolve-uri@npm:^3.0.3":
  version: 3.1.0
  resolution: "@jridgewell/resolve-uri@npm:3.1.0"
  checksum: b5ceaaf9a110fcb2780d1d8f8d4a0bfd216702f31c988d8042e5f8fbe353c55d9b0f55a1733afdc64806f8e79c485d2464680ac48a0d9fcadb9548ee6b81d267
  languageName: node
  linkType: hard

"@jridgewell/sourcemap-codec@npm:^1.4.10":
  version: 1.4.14
  resolution: "@jridgewell/sourcemap-codec@npm:1.4.14"
  checksum: 61100637b6d173d3ba786a5dff019e1a74b1f394f323c1fee337ff390239f053b87266c7a948777f4b1ee68c01a8ad0ab61e5ff4abb5a012a0b091bec391ab97
  languageName: node
  linkType: hard

"@jridgewell/trace-mapping@npm:0.3.9":
  version: 0.3.9
  resolution: "@jridgewell/trace-mapping@npm:0.3.9"
  dependencies:
    "@jridgewell/resolve-uri": ^3.0.3
    "@jridgewell/sourcemap-codec": ^1.4.10
  checksum: d89597752fd88d3f3480845691a05a44bd21faac18e2185b6f436c3b0fd0c5a859fbbd9aaa92050c4052caf325ad3e10e2e1d1b64327517471b7d51babc0ddef
  languageName: node
  linkType: hard

"@orbs-network/ton-access@npm:^2.3.0":
  version: 2.3.0
  resolution: "@orbs-network/ton-access@npm:2.3.0"
  dependencies:
    isomorphic-fetch: ^3.0.0
  checksum: 06e2ad04f3b286f5ece992fe50773490c5dca0ddf0f99b3df630b1435f373ef48a99a72d60fe1dfba7cf079f3d214f46dedc7207bee9d1b898f1ba6b3725ffd2
  languageName: node
  linkType: hard

"@scarf/scarf@npm:^1.1.1":
  version: 1.1.1
  resolution: "@scarf/scarf@npm:1.1.1"
  checksum: f3205e7a76fed1ec3328643a5f276f4aab5c67d0e17ca0a414755aacae529f4a3492b44607f9ad066470ecb3ee003e72b3d9581f58dc6c507c18180611ff113e
  languageName: node
  linkType: hard

"@ton-community/func-js-bin@npm:0.4.1":
  version: 0.4.1
  resolution: "@ton-community/func-js-bin@npm:0.4.1"
  checksum: 87aaf9429ca1d90601db981e3e5492549a27a674798cda107c26a6889dd6af06fa194a6e942513931daf4ed2cc010fe4efc0536538b92d7a1d54458a50147ee8
  languageName: node
  linkType: hard

"@ton-community/func-js@npm:^0.5.0":
  version: 0.5.0
  resolution: "@ton-community/func-js@npm:0.5.0"
  dependencies:
    "@ton-community/func-js-bin": 0.4.1
    arg: ^5.0.2
  bin:
    func-js: dist/cli.js
  checksum: 1ee405ec6dccf5650976b833c5f79ba2f3cb2bebe1cf41850e3a5b2c566438ac0e3ef27e80862320153c07fcce51f58d31faf90f7473d2364ed4a2471ce60f45
  languageName: node
  linkType: hard

"@tsconfig/node10@npm:^1.0.7":
  version: 1.0.9
  resolution: "@tsconfig/node10@npm:1.0.9"
  checksum: a33ae4dc2a621c0678ac8ac4bceb8e512ae75dac65417a2ad9b022d9b5411e863c4c198b6ba9ef659e14b9fb609bbec680841a2e84c1172df7a5ffcf076539df
  languageName: node
  linkType: hard

"@tsconfig/node12@npm:^1.0.7":
  version: 1.0.11
  resolution: "@tsconfig/node12@npm:1.0.11"
  checksum: 5ce29a41b13e7897a58b8e2df11269c5395999e588b9a467386f99d1d26f6c77d1af2719e407621412520ea30517d718d5192a32403b8dfcc163bf33e40a338a
  languageName: node
  linkType: hard

"@tsconfig/node14@npm:^1.0.0":
  version: 1.0.3
  resolution: "@tsconfig/node14@npm:1.0.3"
  checksum: 19275fe80c4c8d0ad0abed6a96dbf00642e88b220b090418609c4376e1cef81bf16237bf170ad1b341452feddb8115d8dd2e5acdfdea1b27422071163dc9ba9d
  languageName: node
  linkType: hard

"@tsconfig/node16@npm:^1.0.2":
  version: 1.0.3
  resolution: "@tsconfig/node16@npm:1.0.3"
  checksum: 3a8b657dd047495b7ad23437d6afd20297ce90380ff0bdee93fc7d39a900dbd8d9e26e53ff6b465e7967ce2adf0b218782590ce9013285121e6a5928fbd6819f
  languageName: node
  linkType: hard

"@types/node@npm:^18.14.6":
  version: 18.15.0
  resolution: "@types/node@npm:18.15.0"
  checksum: d81372276dd5053b1743338b61a2178ff9722dc609189d01fc7d1c2acd539414039e0e4780678730514390dad3f29c366a28c29e8dbd5b0025651181f6dd6669
  languageName: node
  linkType: hard

"acorn-walk@npm:^8.1.1":
  version: 8.2.0
  resolution: "acorn-walk@npm:8.2.0"
  checksum: 1715e76c01dd7b2d4ca472f9c58968516a4899378a63ad5b6c2d668bba8da21a71976c14ec5f5b75f887b6317c4ae0b897ab141c831d741dc76024d8745f1ad1
  languageName: node
  linkType: hard

"acorn@npm:^8.4.1":
  version: 8.8.2
  resolution: "acorn@npm:8.8.2"
  bin:
    acorn: bin/acorn
  checksum: f790b99a1bf63ef160c967e23c46feea7787e531292bb827126334612c234ed489a0dc2c7ba33156416f0ffa8d25bf2b0fdb7f35c2ba60eb3e960572bece4001
  languageName: node
  linkType: hard

"arg@npm:^4.1.0":
  version: 4.1.3
  resolution: "arg@npm:4.1.3"
  checksum: 544af8dd3f60546d3e4aff084d451b96961d2267d668670199692f8d054f0415d86fc5497d0e641e91546f0aa920e7c29e5250e99fc89f5552a34b5d93b77f43
  languageName: node
  linkType: hard

"arg@npm:^5.0.2":
  version: 5.0.2
  resolution: "arg@npm:5.0.2"
  checksum: 6c69ada1a9943d332d9e5382393e897c500908d91d5cb735a01120d5f71daf1b339b7b8980cbeaba8fd1afc68e658a739746179e4315a26e8a28951ff9930078
  languageName: node
  linkType: hard

"axios@npm:^0.25.0":
  version: 0.25.0
  resolution: "axios@npm:0.25.0"
  dependencies:
    follow-redirects: ^1.14.7
  checksum: 2a8a3787c05f2a0c9c3878f49782357e2a9f38945b93018fb0c4fd788171c43dceefbb577988628e09fea53952744d1ecebde234b561f1e703aa43e0a598a3ad
  languageName: node
  linkType: hard

"create-require@npm:^1.1.0":
  version: 1.1.1
  resolution: "create-require@npm:1.1.1"
  checksum: a9a1503d4390d8b59ad86f4607de7870b39cad43d929813599a23714831e81c520bddf61bcdd1f8e30f05fd3a2b71ae8538e946eb2786dc65c2bbc520f692eff
  languageName: node
  linkType: hard

"dataloader@npm:^2.0.0":
  version: 2.2.2
  resolution: "dataloader@npm:2.2.2"
  checksum: 4dabd247089c29f194e94d5434d504f99156c5c214a03463c20f3f17f40398d7e179edee69a27c16e315519ac8739042a810090087ae26449a0e685156a02c65
  languageName: node
  linkType: hard

"diff@npm:^4.0.1":
  version: 4.0.2
  resolution: "diff@npm:4.0.2"
  checksum: f2c09b0ce4e6b301c221addd83bf3f454c0bc00caa3dd837cf6c127d6edf7223aa2bbe3b688feea110b7f262adbfc845b757c44c8a9f8c0c5b15d8fa9ce9d20d
  languageName: node
  linkType: hard

"dotenv@npm:^16.0.3":
  version: 16.0.3
  resolution: "dotenv@npm:16.0.3"
  checksum: afcf03f373d7a6d62c7e9afea6328e62851d627a4e73f2e12d0a8deae1cd375892004f3021883f8aec85932cd2834b091f568ced92b4774625b321db83b827f8
  languageName: node
  linkType: hard

"follow-redirects@npm:^1.14.7":
  version: 1.15.2
  resolution: "follow-redirects@npm:1.15.2"
  peerDependenciesMeta:
    debug:
      optional: true
  checksum: faa66059b66358ba65c234c2f2a37fcec029dc22775f35d9ad6abac56003268baf41e55f9ee645957b32c7d9f62baf1f0b906e68267276f54ec4b4c597c2b190
  languageName: node
  linkType: hard

"fp-ts@npm:^2.11.1":
  version: 2.13.1
  resolution: "fp-ts@npm:2.13.1"
  checksum: 618e0028aca9ff1d52b86f438499ccab149825bdab14c678d22c3e2ccbf9d36fd1f26d463bf0ae1e63f5cd79dd54c8218af2cca0daeea68b039307b751ae9563
  languageName: node
  linkType: hard

"io-ts-reporters@npm:^2.0.0":
  version: 2.0.1
  resolution: "io-ts-reporters@npm:2.0.1"
  dependencies:
    "@scarf/scarf": ^1.1.1
  peerDependencies:
    fp-ts: ^2.10.5
    io-ts: ^2.2.16
  checksum: d3ffd603249417475771c3c29be8b3455d82010bf2f53b7e0fc8974c4864d0ff5366bcc58a0e0e6a3016f0ffa98c1acc8f42ef19d25d3ca89652574200d57193
  languageName: node
  linkType: hard

"io-ts@npm:^2.2.16":
  version: 2.2.20
  resolution: "io-ts@npm:2.2.20"
  peerDependencies:
    fp-ts: ^2.5.0
  checksum: 72517bf72ab1ad61b81960cb37f46e7a9f6dc84235b7d9b62f346ca84120dd89134b652fc3a0b9751129331084fd3e059349561bb96587d91ba7b40985fe7aac
  languageName: node
  linkType: hard

"isomorphic-fetch@npm:^3.0.0":
  version: 3.0.0
  resolution: "isomorphic-fetch@npm:3.0.0"
  dependencies:
    node-fetch: ^2.6.1
    whatwg-fetch: ^3.4.1
  checksum: e5ab79a56ce5af6ddd21265f59312ad9a4bc5a72cebc98b54797b42cb30441d5c5f8d17c5cd84a99e18101c8af6f90c081ecb8d12fd79e332be1778d58486d75
  languageName: node
  linkType: hard

"jssha@npm:3.2.0":
  version: 3.2.0
  resolution: "jssha@npm:3.2.0"
  checksum: 2adb8a9a57a79360379e843c0548e240d072c2ef12aef39ef6a784315686bd6f65501e9353fdd2f3a604f64af07e7eab04a0ed92b221cdfea97d671d7b8e14f4
  languageName: node
  linkType: hard

"make-error@npm:^1.1.1":
  version: 1.3.6
  resolution: "make-error@npm:1.3.6"
  checksum: b86e5e0e25f7f777b77fabd8e2cbf15737972869d852a22b7e73c17623928fccb826d8e46b9951501d3f20e51ad74ba8c59ed584f610526a48f8ccf88aaec402
  languageName: node
  linkType: hard

"node-fetch@npm:^2.6.1":
  version: 2.6.9
  resolution: "node-fetch@npm:2.6.9"
  dependencies:
    whatwg-url: ^5.0.0
  peerDependencies:
    encoding: ^0.1.0
  peerDependenciesMeta:
    encoding:
      optional: true
  checksum: acb04f9ce7224965b2b59e71b33c639794d8991efd73855b0b250921382b38331ffc9d61bce502571f6cc6e11a8905ca9b1b6d4aeb586ab093e2756a1fd190d0
  languageName: node
  linkType: hard

"symbol.inspect@npm:1.0.1":
  version: 1.0.1
  resolution: "symbol.inspect@npm:1.0.1"
  checksum: 47fa8d38d0bc5d04c06df2f71bba1a723ee0e015ca042c47b29c11f107877dd1a2e2d2154c9ef5eec11e92e4165d126c844f06d05da80e477581c8f284f05fdf
  languageName: node
  linkType: hard

"teslabot@npm:^1.3.0":
  version: 1.5.0
  resolution: "teslabot@npm:1.5.0"
  checksum: 1494f83b9070f3d0882c7ce089a69ea46f0f30ee24c14036880ed5f49882cd80ff47f1c5543c9c973d250596896640130c16b221e84be296474a02f65e7187d0
  languageName: node
  linkType: hard

"ton-core@npm:^0.48.0":
  version: 0.48.0
  resolution: "ton-core@npm:0.48.0"
  dependencies:
    symbol.inspect: 1.0.1
  peerDependencies:
    ton-crypto: ">=3.2.0"
  checksum: 9861a5931635eb9e582937084b37f15a8396d7c3a959b4b259a3594f805077d9b9ebeab29ba089c678e99d0eabb6c52f874454ada2e455300ac3c238d7682ee4
  languageName: node
  linkType: hard

"ton-crypto-primitives@npm:2.0.0":
  version: 2.0.0
  resolution: "ton-crypto-primitives@npm:2.0.0"
  dependencies:
    jssha: 3.2.0
  checksum: a81e5e7f1e44a2f32c519d6a9c3512c047b837be2f90a4e5aa226378b330ec6f9d36c1937a21b947eb792ae819c6906cfbd5b5eeab891f9df486d570141fc749
  languageName: node
  linkType: hard

"ton-crypto@npm:^3.2.0":
  version: 3.2.0
  resolution: "ton-crypto@npm:3.2.0"
  dependencies:
    jssha: 3.2.0
    ton-crypto-primitives: 2.0.0
    tweetnacl: 1.0.3
  checksum: 5c4b077ce36f6d6583c6fee91be45ba88024cfb17927d2da8fce355f226dba559ba5dc91ee508b205c537d6dd6a34bfea17a26c2656ef80bd72f64d1a2604c45
  languageName: node
  linkType: hard

"ton-token-contract@workspace:.":
  version: 0.0.0-use.local
  resolution: "ton-token-contract@workspace:."
  dependencies:
    "@orbs-network/ton-access": ^2.3.0
    "@ton-community/func-js": ^0.5.0
    "@types/node": ^18.14.6
    dotenv: ^16.0.3
    ton: ^13.4.1
    ton-core: ^0.48.0
    ton-crypto: ^3.2.0
    ts-node: ^10.9.1
    typescript: ^4.9.5
  languageName: unknown
  linkType: soft

"ton@npm:^13.4.1":
  version: 13.4.1
  resolution: "ton@npm:13.4.1"
  dependencies:
    axios: ^0.25.0
    dataloader: ^2.0.0
    fp-ts: ^2.11.1
    io-ts: ^2.2.16
    io-ts-reporters: ^2.0.0
    symbol.inspect: 1.0.1
    teslabot: ^1.3.0
  peerDependencies:
    ton-core: ">=0.48.0"
    ton-crypto: ">=3.2.0"
  checksum: 019aab124fdc024a4a10bcf4211f38f70e42e7ac07ca94fc5c81e1b75fd60870bf0d1eebfa90d0d7df2438378fa3e494c758940a53522602e241145500ad95a0
  languageName: node
  linkType: hard

"tr46@npm:~0.0.3":
  version: 0.0.3
  resolution: "tr46@npm:0.0.3"
  checksum: 726321c5eaf41b5002e17ffbd1fb7245999a073e8979085dacd47c4b4e8068ff5777142fc6726d6ca1fd2ff16921b48788b87225cbc57c72636f6efa8efbffe3
  languageName: node
  linkType: hard

"ts-node@npm:^10.9.1":
  version: 10.9.1
  resolution: "ts-node@npm:10.9.1"
  dependencies:
    "@cspotcode/source-map-support": ^0.8.0
    "@tsconfig/node10": ^1.0.7
    "@tsconfig/node12": ^1.0.7
    "@tsconfig/node14": ^1.0.0
    "@tsconfig/node16": ^1.0.2
    acorn: ^8.4.1
    acorn-walk: ^8.1.1
    arg: ^4.1.0
    create-require: ^1.1.0
    diff: ^4.0.1
    make-error: ^1.1.1
    v8-compile-cache-lib: ^3.0.1
    yn: 3.1.1
  peerDependencies:
    "@swc/core": ">=1.2.50"
    "@swc/wasm": ">=1.2.50"
    "@types/node": "*"
    typescript: ">=2.7"
  peerDependenciesMeta:
    "@swc/core":
      optional: true
    "@swc/wasm":
      optional: true
  bin:
    ts-node: dist/bin.js
    ts-node-cwd: dist/bin-cwd.js
    ts-node-esm: dist/bin-esm.js
    ts-node-script: dist/bin-script.js
    ts-node-transpile-only: dist/bin-transpile.js
    ts-script: dist/bin-script-deprecated.js
  checksum: 090adff1302ab20bd3486e6b4799e90f97726ed39e02b39e566f8ab674fd5bd5f727f43615debbfc580d33c6d9d1c6b1b3ce7d8e3cca3e20530a145ffa232c35
  languageName: node
  linkType: hard

"tweetnacl@npm:1.0.3":
  version: 1.0.3
  resolution: "tweetnacl@npm:1.0.3"
  checksum: e4a57cac188f0c53f24c7a33279e223618a2bfb5fea426231991652a13247bea06b081fd745d71291fcae0f4428d29beba1b984b1f1ce6f66b06a6d1ab90645c
  languageName: node
  linkType: hard

"typescript@npm:^4.9.5":
  version: 4.9.5
  resolution: "typescript@npm:4.9.5"
  bin:
    tsc: bin/tsc
    tsserver: bin/tsserver
  checksum: ee000bc26848147ad423b581bd250075662a354d84f0e06eb76d3b892328d8d4440b7487b5a83e851b12b255f55d71835b008a66cbf8f255a11e4400159237db
  languageName: node
  linkType: hard

"typescript@patch:typescript@^4.9.5#~builtin<compat/typescript>":
  version: 4.9.5
  resolution: "typescript@patch:typescript@npm%3A4.9.5#~builtin<compat/typescript>::version=4.9.5&hash=23ec76"
  bin:
    tsc: bin/tsc
    tsserver: bin/tsserver
  checksum: ab417a2f398380c90a6cf5a5f74badd17866adf57f1165617d6a551f059c3ba0a3e4da0d147b3ac5681db9ac76a303c5876394b13b3de75fdd5b1eaa06181c9d
  languageName: node
  linkType: hard

"v8-compile-cache-lib@npm:^3.0.1":
  version: 3.0.1
  resolution: "v8-compile-cache-lib@npm:3.0.1"
  checksum: 78089ad549e21bcdbfca10c08850022b22024cdcc2da9b168bcf5a73a6ed7bf01a9cebb9eac28e03cd23a684d81e0502797e88f3ccd27a32aeab1cfc44c39da0
  languageName: node
  linkType: hard

"webidl-conversions@npm:^3.0.0":
  version: 3.0.1
  resolution: "webidl-conversions@npm:3.0.1"
  checksum: c92a0a6ab95314bde9c32e1d0a6dfac83b578f8fa5f21e675bc2706ed6981bc26b7eb7e6a1fab158e5ce4adf9caa4a0aee49a52505d4d13c7be545f15021b17c
  languageName: node
  linkType: hard

"whatwg-fetch@npm:^3.4.1":
  version: 3.6.2
  resolution: "whatwg-fetch@npm:3.6.2"
  checksum: ee976b7249e7791edb0d0a62cd806b29006ad7ec3a3d89145921ad8c00a3a67e4be8f3fb3ec6bc7b58498724fd568d11aeeeea1f7827e7e1e5eae6c8a275afed
  languageName: node
  linkType: hard

"whatwg-url@npm:^5.0.0":
  version: 5.0.0
  resolution: "whatwg-url@npm:5.0.0"
  dependencies:
    tr46: ~0.0.3
    webidl-conversions: ^3.0.0
  checksum: b8daed4ad3356cc4899048a15b2c143a9aed0dfae1f611ebd55073310c7b910f522ad75d727346ad64203d7e6c79ef25eafd465f4d12775ca44b90fa82ed9e2c
  languageName: node
  linkType: hard

"yn@npm:3.1.1":
  version: 3.1.1
  resolution: "yn@npm:3.1.1"
  checksum: 2c487b0e149e746ef48cda9f8bad10fc83693cd69d7f9dcd8be4214e985de33a29c9e24f3c0d6bcf2288427040a8947406ab27f7af67ee9456e6b84854f02dd6
  languageName: node
  linkType: hard
